// !$*UTF8*$!
{
	archiveVersion = 1;
	classes = {
	};
	objectVersion = 77;
	objects = {

/* Begin PBXContainerItemProxy section */
		8CADB3202DD3A018001123A7 /* PBXContainerItemProxy */ = {
			isa = PBXContainerItemProxy;
			containerPortal = 8CADB3072DD3A016001123A7 /* Project object */;
			proxyType = 1;
			remoteGlobalIDString = 8CADB30E2DD3A016001123A7;
			remoteInfo = AgroYouthAppApp;
		};
		8CADB32A2DD3A018001123A7 /* PBXContainerItemProxy */ = {
			isa = PBXContainerItemProxy;
			containerPortal = 8CADB3072DD3A016001123A7 /* Project object */;
			proxyType = 1;
			remoteGlobalIDString = 8CADB30E2DD3A016001123A7;
			remoteInfo = AgroYouthAppApp;
		};
/* End PBXContainerItemProxy section */

/* Begin PBXFileReference section */
		8CADB30F2DD3A016001123A7 /* AgroYouthAppApp.app */ = {isa = PBXFileReference; explicitFileType = wrapper.application; includeInIndex = 0; path = AgroYouthAppApp.app; sourceTree = BUILT_PRODUCTS_DIR; };
		8CADB31F2DD3A018001123A7 /* AgroYouthAppAppTests.xctest */ = {isa = PBXFileReference; explicitFileType = wrapper.cfbundle; includeInIndex = 0; path = AgroYouthAppAppTests.xctest; sourceTree = BUILT_PRODUCTS_DIR; };
		8CADB3292DD3A018001123A7 /* AgroYouthAppAppUITests.xctest */ = {isa = PBXFileReference; explicitFileType = wrapper.cfbundle; includeInIndex = 0; path = AgroYouthAppAppUITests.xctest; sourceTree = BUILT_PRODUCTS_DIR; };
/* End PBXFileReference section */

/* Begin PBXFileSystemSynchronizedRootGroup section */
		8CADB3112DD3A016001123A7 /* AgroYouthAppApp */ = {
			isa = PBXFileSystemSynchronizedRootGroup;
			path = AgroYouthAppApp;
			sourceTree = "<group>";
		};
		8CADB3222DD3A018001123A7 /* AgroYouthAppAppTests */ = {
			isa = PBXFileSystemSynchronizedRootGroup;
			path = AgroYouthAppAppTests;
			sourceTree = "<group>";
		};
		8CADB32C2DD3A018001123A7 /* AgroYouthAppAppUITests */ = {
			isa = PBXFileSystemSynchronizedRootGroup;
			path = AgroYouthAppAppUITests;
			sourceTree = "<group>";
		};
/* End PBXFileSystemSynchronizedRootGroup section */

/* Begin PBXFrameworksBuildPhase section */
		8CADB30C2DD3A016001123A7 /* Frameworks */ = {
			isa = PBXFrameworksBuildPhase;
			buildActionMask = 2147483647;
			files = (
			);
			runOnlyForDeploymentPostprocessing = 0;
		};
		8CADB31C2DD3A018001123A7 /* Frameworks */ = {
			isa = PBXFrameworksBuildPhase;
			buildActionMask = 2147483647;
			files = (
			);
			runOnlyForDeploymentPostprocessing = 0;
		};
		8CADB3262DD3A018001123A7 /* Frameworks */ = {
			isa = PBXFrameworksBuildPhase;
			buildActionMask = 2147483647;
			files = (
			);
			runOnlyForDeploymentPostprocessing = 0;
		};
/* End PBXFrameworksBuildPhase section */

/* Begin PBXGroup section */
		8CADB3062DD3A016001123A7 = {
			isa = PBXGroup;
			children = (
				8CADB3112DD3A016001123A7 /* AgroYouthAppApp */,
				8CADB3222DD3A018001123A7 /* AgroYouthAppAppTests */,
				8CADB32C2DD3A018001123A7 /* AgroYouthAppAppUITests */,
				8CADB3102DD3A016001123A7 /* Products */,
			);
			sourceTree = "<group>";
		};
		8CADB3102DD3A016001123A7 /* Products */ = {
			isa = PBXGroup;
			children = (
				8CADB30F2DD3A016001123A7 /* AgroYouthAppApp.app */,
				8CADB31F2DD3A018001123A7 /* AgroYouthAppAppTests.xctest */,
				8CADB3292DD3A018001123A7 /* AgroYouthAppAppUITests.xctest */,
			);
			name = Products;
			sourceTree = "<group>";
		};
/* End PBXGroup section */

/* Begin PBXNativeTarget section */
		8CADB30E2DD3A016001123A7 /* AgroYouthAppApp */ = {
			isa = PBXNativeTarget;
			buildConfigurationList = 8CADB3332DD3A018001123A7 /* Build configuration list for PBXNativeTarget "AgroYouthAppApp" */;
			buildPhases = (
				8CADB30B2DD3A016001123A7 /* Sources */,
				8CADB30C2DD3A016001123A7 /* Frameworks */,
				8CADB30D2DD3A016001123A7 /* Resources */,
			);
			buildRules = (
			);
			dependencies = (
			);
			fileSystemSynchronizedGroups = (
				8CADB3112DD3A016001123A7 /* AgroYouthAppApp */,
			);
			name = AgroYouthAppApp;
			packageProductDependencies = (
			);
			productName = AgroYouthAppApp;
			productReference = 8CADB30F2DD3A016001123A7 /* AgroYouthAppApp.app */;
			productType = "com.apple.product-type.application";
		};
		8CADB31E2DD3A018001123A7 /* AgroYouthAppAppTests */ = {
			isa = PBXNativeTarget;
			buildConfigurationList = 8CADB3362DD3A018001123A7 /* Build configuration list for PBXNativeTarget "AgroYouthAppAppTests" */;
			buildPhases = (
				8CADB31B2DD3A018001123A7 /* Sources */,
				8CADB31C2DD3A018001123A7 /* Frameworks */,
				8CADB31D2DD3A018001123A7 /* Resources */,
			);
			buildRules = (
			);
			dependencies = (
				8CADB3212DD3A018001123A7 /* PBXTargetDependency */,
			);
			fileSystemSynchronizedGroups = (
				8CADB3222DD3A018001123A7 /* AgroYouthAppAppTests */,
			);
			name = AgroYouthAppAppTests;
			packageProductDependencies = (
			);
			productName = AgroYouthAppAppTests;
			productReference = 8CADB31F2DD3A018001123A7 /* AgroYouthAppAppTests.xctest */;
			productType = "com.apple.product-type.bundle.unit-test";
		};
		8CADB3282DD3A018001123A7 /* AgroYouthAppAppUITests */ = {
			isa = PBXNativeTarget;
			buildConfigurationList = 8CADB3392DD3A018001123A7 /* Build configuration list for PBXNativeTarget "AgroYouthAppAppUITests" */;
			buildPhases = (
				8CADB3252DD3A018001123A7 /* Sources */,
				8CADB3262DD3A018001123A7 /* Frameworks */,
				8CADB3272DD3A018001123A7 /* Resources */,
			);
			buildRules = (
			);
			dependencies = (
				8CADB32B2DD3A018001123A7 /* PBXTargetDependency */,
			);
			fileSystemSynchronizedGroups = (
				8CADB32C2DD3A018001123A7 /* AgroYouthAppAppUITests */,
			);
			name = AgroYouthAppAppUITests;
			packageProductDependencies = (
			);
			productName = AgroYouthAppAppUITests;
			productReference = 8CADB3292DD3A018001123A7 /* AgroYouthAppAppUITests.xctest */;
			productType = "com.apple.product-type.bundle.ui-testing";
		};
/* End PBXNativeTarget section */

/* Begin PBXProject section */
		8CADB3072DD3A016001123A7 /* Project object */ = {
			isa = PBXProject;
			attributes = {
				BuildIndependentTargetsInParallel = 1;
				LastSwiftUpdateCheck = 1600;
				LastUpgradeCheck = 1600;
				TargetAttributes = {
					8CADB30E2DD3A016001123A7 = {
						CreatedOnToolsVersion = 16.0;
					};
					8CADB31E2DD3A018001123A7 = {
						CreatedOnToolsVersion = 16.0;
						TestTargetID = 8CADB30E2DD3A016001123A7;
					};
					8CADB3282DD3A018001123A7 = {
						CreatedOnToolsVersion = 16.0;
						TestTargetID = 8CADB30E2DD3A016001123A7;
					};
				};
			};
			buildConfigurationList = 8CADB30A2DD3A016001123A7 /* Build configuration list for PBXProject "AgroYouthAppApp" */;
			developmentRegion = en;
			hasScannedForEncodings = 0;
			knownRegions = (
				en,
				Base,
			);
			mainGroup = 8CADB3062DD3A016001123A7;
			minimizedProjectReferenceProxies = 1;
			preferredProjectObjectVersion = 77;
			productRefGroup = 8CADB3102DD3A016001123A7 /* Products */;
			projectDirPath = "";
			projectRoot = "";
			targets = (
				8CADB30E2DD3A016001123A7 /* AgroYouthAppApp */,
				8CADB31E2DD3A018001123A7 /* AgroYouthAppAppTests */,
				8CADB3282DD3A018001123A7 /* AgroYouthAppAppUITests */,
			);
		};
/* End PBXProject section */

/* Begin PBXResourcesBuildPhase section */
		8CADB30D2DD3A016001123A7 /* Resources */ = {
			isa = PBXResourcesBuildPhase;
			buildActionMask = 2147483647;
			files = (
			);
			runOnlyForDeploymentPostprocessing = 0;
		};
		8CADB31D2DD3A018001123A7 /* Resources */ = {
			isa = PBXResourcesBuildPhase;
			buildActionMask = 2147483647;
			files = (
			);
			runOnlyForDeploymentPostprocessing = 0;
		};
		8CADB3272DD3A018001123A7 /* Resources */ = {
			isa = PBXResourcesBuildPhase;
			buildActionMask = 2147483647;
			files = (
			);
			runOnlyForDeploymentPostprocessing = 0;
		};
/* End PBXResourcesBuildPhase section */

/* Begin PBXSourcesBuildPhase section */
		8CADB30B2DD3A016001123A7 /* Sources */ = {
			isa = PBXSourcesBuildPhase;
			buildActionMask = 2147483647;
			files = (
			);
			runOnlyForDeploymentPostprocessing = 0;
		};
		8CADB31B2DD3A018001123A7 /* Sources */ = {
			isa = PBXSourcesBuildPhase;
			buildActionMask = 2147483647;
			files = (
			);
			runOnlyForDeploymentPostprocessing = 0;
		};
		8CADB3252DD3A018001123A7 /* Sources */ = {
			isa = PBXSourcesBuildPhase;
			buildActionMask = 2147483647;
			files = (
			);
			runOnlyForDeploymentPostprocessing = 0;
		};
/* End PBXSourcesBuildPhase section */

/* Begin PBXTargetDependency section */
		8CADB3212DD3A018001123A7 /* PBXTargetDependency */ = {
			isa = PBXTargetDependency;
			target = 8CADB30E2DD3A016001123A7 /* AgroYouthAppApp */;
			targetProxy = 8CADB3202DD3A018001123A7 /* PBXContainerItemProxy */;
		};
		8CADB32B2DD3A018001123A7 /* PBXTargetDependency */ = {
			isa = PBXTargetDependency;
			target = 8CADB30E2DD3A016001123A7 /* AgroYouthAppApp */;
			targetProxy = 8CADB32A2DD3A018001123A7 /* PBXContainerItemProxy */;
		};
/* End PBXTargetDependency section */

/* Begin XCBuildConfiguration section */
		8CADB3312DD3A018001123A7 /* Debug */ = {
			isa = XCBuildConfiguration;
			buildSettings = {
				ALWAYS_SEARCH_USER_PATHS = NO;
				ASSETCATALOG_COMPILER_GENERATE_SWIFT_ASSET_SYMBOL_EXTENSIONS = YES;
				CLANG_ANALYZER_NONNULL = YES;
				CLANG_ANALYZER_NUMBER_OBJECT_CONVERSION = YES_AGGRESSIVE;
				CLANG_CXX_LANGUAGE_STANDARD = "gnu++20";
				CLANG_ENABLE_MODULES = YES;
				CLANG_ENABLE_OBJC_ARC = YES;
				CLANG_ENABLE_OBJC_WEAK = YES;
				CLANG_WARN_BLOCK_CAPTURE_AUTORELEASING = YES;
				CLANG_WARN_BOOL_CONVERSION = YES;
				CLANG_WARN_COMMA = YES;
				CLANG_WARN_CONSTANT_CONVERSION = YES;
				CLANG_WARN_DEPRECATED_OBJC_IMPLEMENTATIONS = YES;
				CLANG_WARN_DIRECT_OBJC_ISA_USAGE = YES_ERROR;
				CLANG_WARN_DOCUMENTATION_COMMENTS = YES;
				CLANG_WARN_EMPTY_BODY = YES;
				CLANG_WARN_ENUM_CONVERSION = YES;
				CLANG_WARN_INFINITE_RECURSION = YES;
				CLANG_WARN_INT_CONVERSION = YES;
				CLANG_WARN_NON_LITERAL_NULL_CONVERSION = YES;
				CLANG_WARN_OBJC_IMPLICIT_RETAIN_SELF = YES;
				CLANG_WARN_OBJC_LITERAL_CONVERSION = YES;
				CLANG_WARN_OBJC_ROOT_CLASS = YES_ERROR;
				CLANG_WARN_QUOTED_INCLUDE_IN_FRAMEWORK_HEADER = YES;
				CLANG_WARN_RANGE_LOOP_ANALYSIS = YES;
				CLANG_WARN_STRICT_PROTOTYPES = YES;
				CLANG_WARN_SUSPICIOUS_MOVE = YES;
				CLANG_WARN_UNGUARDED_AVAILABILITY = YES_AGGRESSIVE;
				CLANG_WARN_UNREACHABLE_CODE = YES;
				CLANG_WARN__DUPLICATE_METHOD_MATCH = YES;
				COPY_PHASE_STRIP = NO;
				DEBUG_INFORMATION_FORMAT = dwarf;
				ENABLE_STRICT_OBJC_MSGSEND = YES;
				ENABLE_TESTABILITY = YES;
				ENABLE_USER_SCRIPT_SANDBOXING = YES;
				GCC_C_LANGUAGE_STANDARD = gnu17;
				GCC_DYNAMIC_NO_PIC = NO;
				GCC_NO_COMMON_BLOCKS = YES;
				GCC_OPTIMIZATION_LEVEL = 0;
				GCC_PREPROCESSOR_DEFINITIONS = (
					"DEBUG=1",
					"$(inherited)",
				);
				GCC_WARN_64_TO_32_BIT_CONVERSION = YES;
				GCC_WARN_ABOUT_RETURN_TYPE = YES_ERROR;
				GCC_WARN_UNDECLARED_SELECTOR = YES;
				GCC_WARN_UNINITIALIZED_AUTOS = YES_AGGRESSIVE;
				GCC_WARN_UNUSED_FUNCTION = YES;
				GCC_WARN_UNUSED_VARIABLE = YES;
				IPHONEOS_DEPLOYMENT_TARGET = 18.0;
				LOCALIZATION_PREFERS_STRING_CATALOGS = YES;
				MTL_ENABLE_DEBUG_INFO = INCLUDE_SOURCE;
				MTL_FAST_MATH = YES;
				ONLY_ACTIVE_ARCH = YES;
				SDKROOT = iphoneos;
				SWIFT_ACTIVE_COMPILATION_CONDITIONS = "DEBUG $(inherited)";
				SWIFT_OPTIMIZATION_LEVEL = "-Onone";
			};
			name = Debug;
		};
		8CADB3322DD3A018001123A7 /* Release */ = {
			isa = XCBuildConfiguration;
			buildSettings = {
				ALWAYS_SEARCH_USER_PATHS = NO;
				ASSETCATALOG_COMPILER_GENERATE_SWIFT_ASSET_SYMBOL_EXTENSIONS = YES;
				CLANG_ANALYZER_NONNULL = YES;
				CLANG_ANALYZER_NUMBER_OBJECT_CONVERSION = YES_AGGRESSIVE;
				CLANG_CXX_LANGUAGE_STANDARD = "gnu++20";
				CLANG_ENABLE_MODULES = YES;
				CLANG_ENABLE_OBJC_ARC = YES;
				CLANG_ENABLE_OBJC_WEAK = YES;
				CLANG_WARN_BLOCK_CAPTURE_AUTORELEASING = YES;
				CLANG_WARN_BOOL_CONVERSION = YES;
				CLANG_WARN_COMMA = YES;
				CLANG_WARN_CONSTANT_CONVERSION = YES;
				CLANG_WARN_DEPRECATED_OBJC_IMPLEMENTATIONS = YES;
				CLANG_WARN_DIRECT_OBJC_ISA_USAGE = YES_ERROR;
				CLANG_WARN_DOCUMENTATION_COMMENTS = YES;
				CLANG_WARN_EMPTY_BODY = YES;
				CLANG_WARN_ENUM_CONVERSION = YES;
				CLANG_WARN_INFINITE_RECURSION = YES;
				CLANG_WARN_INT_CONVERSION = YES;
				CLANG_WARN_NON_LITERAL_NULL_CONVERSION = YES;
				CLANG_WARN_OBJC_IMPLICIT_RETAIN_SELF = YES;
				CLANG_WARN_OBJC_LITERAL_CONVERSION = YES;
				CLANG_WARN_OBJC_ROOT_CLASS = YES_ERROR;
				CLANG_WARN_QUOTED_INCLUDE_IN_FRAMEWORK_HEADER = YES;
				CLANG_WARN_RANGE_LOOP_ANALYSIS = YES;
				CLANG_WARN_STRICT_PROTOTYPES = YES;
				CLANG_WARN_SUSPICIOUS_MOVE = YES;
				CLANG_WARN_UNGUARDED_AVAILABILITY = YES_AGGRESSIVE;
				CLANG_WARN_UNREACHABLE_CODE = YES;
				CLANG_WARN__DUPLICATE_METHOD_MATCH = YES;
				COPY_PHASE_STRIP = NO;
				DEBUG_INFORMATION_FORMAT = "dwarf-with-dsym";
				ENABLE_NS_ASSERTIONS = NO;
				ENABLE_STRICT_OBJC_MSGSEND = YES;
				ENABLE_USER_SCRIPT_SANDBOXING = YES;
				GCC_C_LANGUAGE_STANDARD = gnu17;
				GCC_NO_COMMON_BLOCKS = YES;
				GCC_WARN_64_TO_32_BIT_CONVERSION = YES;
				GCC_WARN_ABOUT_RETURN_TYPE = YES_ERROR;
				GCC_WARN_UNDECLARED_SELECTOR = YES;
				GCC_WARN_UNINITIALIZED_AUTOS = YES_AGGRESSIVE;
				GCC_WARN_UNUSED_FUNCTION = YES;
				GCC_WARN_UNUSED_VARIABLE = YES;
				IPHONEOS_DEPLOYMENT_TARGET = 18.0;
				LOCALIZATION_PREFERS_STRING_CATALOGS = YES;
				MTL_ENABLE_DEBUG_INFO = NO;
				MTL_FAST_MATH = YES;
				SDKROOT = iphoneos;
				SWIFT_COMPILATION_MODE = wholemodule;
				VALIDATE_PRODUCT = YES;
			};
			name = Release;
		};
		8CADB3342DD3A018001123A7 /* Debug */ = {
			isa = XCBuildConfiguration;
			buildSettings = {
				ASSETCATALOG_COMPILER_APPICON_NAME = AppIcon;
				ASSETCATALOG_COMPILER_GLOBAL_ACCENT_COLOR_NAME = AccentColor;
				CODE_SIGN_STYLE = Automatic;
				CURRENT_PROJECT_VERSION = 1;
				DEVELOPMENT_ASSET_PATHS = "\"AgroYouthAppApp/Preview Content\"";
				DEVELOPMENT_TEAM = 6KU975Q98C;
				ENABLE_PREVIEWS = YES;
				GENERATE_INFOPLIST_FILE = YES;
				INFOPLIST_KEY_NSMicrophoneUsageDescription = "Necesitamos acceso al micrófono para grabar tus mensajes de voz para el chat.";
				INFOPLIST_KEY_NSSpeechRecognitionUsageDescription = "Necesitamos acceso al reconocimiento de voz para convertir tus mensajes de audio a texto en el chat.";
				INFOPLIST_KEY_UIApplicationSceneManifest_Generation = YES;
				INFOPLIST_KEY_UIApplicationSupportsIndirectInputEvents = YES;
				INFOPLIST_KEY_UILaunchScreen_Generation = YES;
				INFOPLIST_KEY_UISupportedInterfaceOrientations_iPad = "UIInterfaceOrientationPortrait UIInterfaceOrientationPortraitUpsideDown UIInterfaceOrientationLandscapeLeft UIInterfaceOrientationLandscapeRight";
				INFOPLIST_KEY_UISupportedInterfaceOrientations_iPhone = "UIInterfaceOrientationPortrait UIInterfaceOrientationLandscapeLeft UIInterfaceOrientationLandscapeRight";
				LD_RUNPATH_SEARCH_PATHS = (
					"$(inherited)",
					"@executable_path/Frameworks",
				);
				MARKETING_VERSION = 1.0;
				PRODUCT_BUNDLE_IDENTIFIER = com.ezequiel.AgroYouthAppApp;
				PRODUCT_NAME = "$(TARGET_NAME)";
				SWIFT_EMIT_LOC_STRINGS = YES;
				SWIFT_VERSION = 5.0;
				TARGETED_DEVICE_FAMILY = "1,2";
			};
			name = Debug;
		};
		8CADB3352DD3A018001123A7 /* Release */ = {
			isa = XCBuildConfiguration;
			buildSettings = {
				ASSETCATALOG_COMPILER_APPICON_NAME = AppIcon;
				ASSETCATALOG_COMPILER_GLOBAL_ACCENT_COLOR_NAME = AccentColor;
				CODE_SIGN_STYLE = Automatic;
				CURRENT_PROJECT_VERSION = 1;
				DEVELOPMENT_ASSET_PATHS = "\"AgroYouthAppApp/Preview Content\"";
				DEVELOPMENT_TEAM = 6KU975Q98C;
				ENABLE_PREVIEWS = YES;
				GENERATE_INFOPLIST_FILE = YES;
				INFOPLIST_KEY_NSMicrophoneUsageDescription = "Necesitamos acceso al micrófono para grabar tus mensajes de voz para el chat.";
				INFOPLIST_KEY_NSSpeechRecognitionUsageDescription = "Necesitamos acceso al reconocimiento de voz para convertir tus mensajes de audio a texto en el chat.";
				INFOPLIST_KEY_UIApplicationSceneManifest_Generation = YES;
				INFOPLIST_KEY_UIApplicationSupportsIndirectInputEvents = YES;
				INFOPLIST_KEY_UILaunchScreen_Generation = YES;
				INFOPLIST_KEY_UISupportedInterfaceOrientations_iPad = "UIInterfaceOrientationPortrait UIInterfaceOrientationPortraitUpsideDown UIInterfaceOrientationLandscapeLeft UIInterfaceOrientationLandscapeRight";
				INFOPLIST_KEY_UISupportedInterfaceOrientations_iPhone = "UIInterfaceOrientationPortrait UIInterfaceOrientationLandscapeLeft UIInterfaceOrientationLandscapeRight";
				LD_RUNPATH_SEARCH_PATHS = (
					"$(inherited)",
					"@executable_path/Frameworks",
				);
				MARKETING_VERSION = 1.0;
				PRODUCT_BUNDLE_IDENTIFIER = com.ezequiel.AgroYouthAppApp;
				PRODUCT_NAME = "$(TARGET_NAME)";
				SWIFT_EMIT_LOC_STRINGS = YES;
				SWIFT_VERSION = 5.0;
				TARGETED_DEVICE_FAMILY = "1,2";
			};
			name = Release;
		};
		8CADB3372DD3A018001123A7 /* Debug */ = {
			isa = XCBuildConfiguration;
			buildSettings = {
				BUNDLE_LOADER = "$(TEST_HOST)";
				CODE_SIGN_STYLE = Automatic;
				CURRENT_PROJECT_VERSION = 1;
				DEVELOPMENT_TEAM = 6KU975Q98C;
				GENERATE_INFOPLIST_FILE = YES;
				IPHONEOS_DEPLOYMENT_TARGET = 18.0;
				MARKETING_VERSION = 1.0;
				PRODUCT_BUNDLE_IDENTIFIER = com.ezequiel.AgroYouthAppAppTests;
				PRODUCT_NAME = "$(TARGET_NAME)";
				SWIFT_EMIT_LOC_STRINGS = NO;
				SWIFT_VERSION = 5.0;
				TARGETED_DEVICE_FAMILY = "1,2";
				TEST_HOST = "$(BUILT_PRODUCTS_DIR)/AgroYouthAppApp.app/$(BUNDLE_EXECUTABLE_FOLDER_PATH)/AgroYouthAppApp";
			};
			name = Debug;
		};
		8CADB3382DD3A018001123A7 /* Release */ = {
			isa = XCBuildConfiguration;
			buildSettings = {
				BUNDLE_LOADER = "$(TEST_HOST)";
				CODE_SIGN_STYLE = Automatic;
				CURRENT_PROJECT_VERSION = 1;
				DEVELOPMENT_TEAM = 6KU975Q98C;
				GENERATE_INFOPLIST_FILE = YES;
				IPHONEOS_DEPLOYMENT_TARGET = 18.0;
				MARKETING_VERSION = 1.0;
				PRODUCT_BUNDLE_IDENTIFIER = com.ezequiel.AgroYouthAppAppTests;
				PRODUCT_NAME = "$(TARGET_NAME)";
				SWIFT_EMIT_LOC_STRINGS = NO;
				SWIFT_VERSION = 5.0;
				TARGETED_DEVICE_FAMILY = "1,2";
				TEST_HOST = "$(BUILT_PRODUCTS_DIR)/AgroYouthAppApp.app/$(BUNDLE_EXECUTABLE_FOLDER_PATH)/AgroYouthAppApp";
			};
			name = Release;
		};
		8CADB33A2DD3A018001123A7 /* Debug */ = {
			isa = XCBuildConfiguration;
			buildSettings = {
				CODE_SIGN_STYLE = Automatic;
				CURRENT_PROJECT_VERSION = 1;
				DEVELOPMENT_TEAM = 6KU975Q98C;
				GENERATE_INFOPLIST_FILE = YES;
				MARKETING_VERSION = 1.0;
				PRODUCT_BUNDLE_IDENTIFIER = com.ezequiel.AgroYouthAppAppUITests;
				PRODUCT_NAME = "$(TARGET_NAME)";
				SWIFT_EMIT_LOC_STRINGS = NO;
				SWIFT_VERSION = 5.0;
				TARGETED_DEVICE_FAMILY = "1,2";
				TEST_TARGET_NAME = AgroYouthAppApp;
			};
			name = Debug;
		};
		8CADB33B2DD3A018001123A7 /* Release */ = {
			isa = XCBuildConfiguration;
			buildSettings = {
				CODE_SIGN_STYLE = Automatic;
				CURRENT_PROJECT_VERSION = 1;
				DEVELOPMENT_TEAM = 6KU975Q98C;
				GENERATE_INFOPLIST_FILE = YES;
				MARKETING_VERSION = 1.0;
				PRODUCT_BUNDLE_IDENTIFIER = com.ezequiel.AgroYouthAppAppUITests;
				PRODUCT_NAME = "$(TARGET_NAME)";
				SWIFT_EMIT_LOC_STRINGS = NO;
				SWIFT_VERSION = 5.0;
				TARGETED_DEVICE_FAMILY = "1,2";
				TEST_TARGET_NAME = AgroYouthAppApp;
			};
			name = Release;
		};
/* End XCBuildConfiguration section */

/* Begin XCConfigurationList section */
		8CADB30A2DD3A016001123A7 /* Build configuration list for PBXProject "AgroYouthAppApp" */ = {
			isa = XCConfigurationList;
			buildConfigurations = (
				8CADB3312DD3A018001123A7 /* Debug */,
				8CADB3322DD3A018001123A7 /* Release */,
			);
			defaultConfigurationIsVisible = 0;
			defaultConfigurationName = Release;
		};
		8CADB3332DD3A018001123A7 /* Build configuration list for PBXNativeTarget "AgroYouthAppApp" */ = {
			isa = XCConfigurationList;
			buildConfigurations = (
				8CADB3342DD3A018001123A7 /* Debug */,
				8CADB3352DD3A018001123A7 /* Release */,
			);
			defaultConfigurationIsVisible = 0;
			defaultConfigurationName = Release;
		};
		8CADB3362DD3A018001123A7 /* Build configuration list for PBXNativeTarget "AgroYouthAppAppTests" */ = {
			isa = XCConfigurationList;
			buildConfigurations = (
				8CADB3372DD3A018001123A7 /* Debug */,
				8CADB3382DD3A018001123A7 /* Release */,
			);
			defaultConfigurationIsVisible = 0;
			defaultConfigurationName = Release;
		};
		8CADB3392DD3A018001123A7 /* Build configuration list for PBXNativeTarget "AgroYouthAppAppUITests" */ = {
			isa = XCConfigurationList;
			buildConfigurations = (
				8CADB33A2DD3A018001123A7 /* Debug */,
				8CADB33B2DD3A018001123A7 /* Release */,
			);
			defaultConfigurationIsVisible = 0;
			defaultConfigurationName = Release;
		};
/* End XCConfigurationList section */
	};
	rootObject = 8CADB3072DD3A016001123A7 /* Project object */;
}
